
Microsoft Visual Studio Solution File, Format Version 12.00
# Visual Studio 15
VisualStudioVersion = 15.0.28307.102
MinimumVisualStudioVersion = 10.0.40219.1
Project("{8BC9CEB8-8B4A-11D0-8D11-00A0C91BC942}") = "Starfield", "Starfield\Starfield.vcxproj", "{61C06D81-5513-4230-A782-2A3096F2F4CB}"
EndProject
Global
	GlobalSection(SolutionConfigurationPlatforms) = preSolution
		Release|x64 = Release|x64
		Release|x86 = Release|x86
	EndGlobalSection
	GlobalSection(ProjectConfigurationPlatforms) = postSolution
		{61C06D81-5513-4230-A782-2A3096F2F4CB}.Release|x64.ActiveCfg = Release|x64
		{61C06D81-5513-4230-A782-2A3096F2F4CB}.Release|x64.Build.0 = Release|x64
		{61C06D81-5513-4230-A782-2A3096F2F4CB}.Release|x86.ActiveCfg = Release|x64
	EndGlobalSection
	GlobalSection(SolutionProperties) = preSolution
		HideSolutionNode = FALSE
	EndGlobalSection
	GlobalSection(ExtensibilityGlobals) = postSolution
		SolutionGuid = {974C0253-0341-4D2A-B0AC-72886AE23026}
	EndGlobalSection
EndGlobal
